{
  "name": "docx-to-markdown",
  "version": "1.0.0",
  "lockfileVersion": 3,
  "requires": true,
  "packages": {
    "": {
      "name": "docx-to-markdown",
      "version": "1.0.0",
      "license": "ISC",
      "dependencies": {
        "pandoc": "^0.2.0"
      },
      "devDependencies": {
        "node-pandoc": "^0.3.0"
      }
    },
    "node_modules/node-pandoc": {
      "version": "0.3.0",
      "resolved": "https://registry.npmjs.org/node-pandoc/-/node-pandoc-0.3.0.tgz",
      "integrity": "sha512-e+kANHQQFBlN7J8wEFf7sNc1sSCLltyPtPqNA/IEapiNsA1LjZ9mtV/B0lU6b2cAdvn7rrAVNBONw+Fo1YsY+A==",
      "dev": true
    },
    "node_modules/pandoc": {
      "version": "0.2.0",
      "resolved": "https://registry.npmjs.org/pandoc/-/pandoc-0.2.0.tgz",
      "integrity": "sha512-OD/Sqpv7QYwxgNpzLeEWPkN7+BQgJfONW5UUiEBwYItfszPUU4kS9fA4f0GpWoN1TdGW899dI/7vioMgchtNnQ==",
      "engines": {
        "node": ">= 0.4.0"
      }
    }
  }
}
